// !$*UTF8*$!
{
	archiveVersion = 1;
	classes = {
	};
	objectVersion = 46;
	objects = {

/* Begin PBXBuildFile section */
		A2DDAA221D9EA9AE008D0461 /* AppDelegate.swift in Sources */ = {isa = PBXBuildFile; fileRef = A2DDAA211D9EA9AE008D0461 /* AppDelegate.swift */; };
		A2DDAA241D9EA9AE008D0461 /* ViewController.swift in Sources */ = {isa = PBXBuildFile; fileRef = A2DDAA231D9EA9AE008D0461 /* ViewController.swift */; };
		A2DDAA271D9EA9AE008D0461 /* Main.storyboard in Resources */ = {isa = PBXBuildFile; fileRef = A2DDAA251D9EA9AE008D0461 /* Main.storyboard */; };
		A2DDAA291D9EA9AE008D0461 /* Assets.xcassets in Resources */ = {isa = PBXBuildFile; fileRef = A2DDAA281D9EA9AE008D0461 /* Assets.xcassets */; };
		A2DDAA2C1D9EA9AE008D0461 /* LaunchScreen.storyboard in Resources */ = {isa = PBXBuildFile; fileRef = A2DDAA2A1D9EA9AE008D0461 /* LaunchScreen.storyboard */; };
/* End PBXBuildFile section */

/* Begin PBXFileReference section */
		A2DDAA1E1D9EA9AE008D0461 /* TwitterProfileViewController.app */ = {isa = PBXFileReference; explicitFileType = wrapper.application; includeInIndex = 0; path = TwitterProfileViewController.app; sourceTree = BUILT_PRODUCTS_DIR; };
		A2DDAA211D9EA9AE008D0461 /* AppDelegate.swift */ = {isa = PBXFileReference; lastKnownFileType = sourcecode.swift; path = AppDelegate.swift; sourceTree = "<group>"; };
		A2DDAA231D9EA9AE008D0461 /* ViewController.swift */ = {isa = PBXFileReference; lastKnownFileType = sourcecode.swift; path = ViewController.swift; sourceTree = "<group>"; };
		A2DDAA261D9EA9AE008D0461 /* Base */ = {isa = PBXFileReference; lastKnownFileType = file.storyboard; name = Base; path = Base.lproj/Main.storyboard; sourceTree = "<group>"; };
		A2DDAA281D9EA9AE008D0461 /* Assets.xcassets */ = {isa = PBXFileReference; lastKnownFileType = folder.assetcatalog; path = Assets.xcassets; sourceTree = "<group>"; };
		A2DDAA2B1D9EA9AE008D0461 /* Base */ = {isa = PBXFileReference; lastKnownFileType = file.storyboard; name = Base; path = Base.lproj/LaunchScreen.storyboard; sourceTree = "<group>"; };
		A2DDAA2D1D9EA9AE008D0461 /* Info.plist */ = {isa = PBXFileReference; lastKnownFileType = text.plist.xml; path = Info.plist; sourceTree = "<group>"; };
/* End PBXFileReference section */

/* Begin PBXFrameworksBuildPhase section */
		A2DDAA1B1D9EA9AD008D0461 /* Frameworks */ = {
			isa = PBXFrameworksBuildPhase;
			buildActionMask = 2147483647;
			files = (
			);
			runOnlyForDeploymentPostprocessing = 0;
		};
/* End PBXFrameworksBuildPhase section */

/* Begin PBXGroup section */
		A2DDAA151D9EA9AD008D0461 = {
			isa = PBXGroup;
			children = (
				A2DDAA201D9EA9AE008D0461 /* TwitterProfileViewController */,
				A2DDAA1F1D9EA9AE008D0461 /* Products */,
			);
			sourceTree = "<group>";
		};
		A2DDAA1F1D9EA9AE008D0461 /* Products */ = {
			isa = PBXGroup;
			children = (
				A2DDAA1E1D9EA9AE008D0461 /* TwitterProfileViewController.app */,
			);
			name = Products;
			sourceTree = "<group>";
		};
		A2DDAA201D9EA9AE008D0461 /* TwitterProfileViewController */ = {
			isa = PBXGroup;
			children = (
				A2DDAA211D9EA9AE008D0461 /* AppDelegate.swift */,
				A2DDAA231D9EA9AE008D0461 /* ViewController.swift */,
				A2DDAA251D9EA9AE008D0461 /* Main.storyboard */,
				A2DDAA281D9EA9AE008D0461 /* Assets.xcassets */,
				A2DDAA2A1D9EA9AE008D0461 /* LaunchScreen.storyboard */,
				A2DDAA2D1D9EA9AE008D0461 /* Info.plist */,
			);
			path = TwitterProfileViewController;
			sourceTree = "<group>";
		};
/* End PBXGroup section */

/* Begin PBXNativeTarget section */
		A2DDAA1D1D9EA9AD008D0461 /* TwitterProfileViewController */ = {
			isa = PBXNativeTarget;
			buildConfigurationList = A2DDAA301D9EA9AE008D0461 /* Build configuration list for PBXNativeTarget "TwitterProfileViewController" */;
			buildPhases = (
				A2DDAA1A1D9EA9AD008D0461 /* Sources */,
				A2DDAA1B1D9EA9AD008D0461 /* Frameworks */,
				A2DDAA1C1D9EA9AD008D0461 /* Resources */,
			);
			buildRules = (
			);
			dependencies = (
			);
			name = TwitterProfileViewController;
			productName = TwitterProfileViewController;
			productReference = A2DDAA1E1D9EA9AE008D0461 /* TwitterProfileViewController.app */;
			productType = "com.apple.product-type.application";
		};
/* End PBXNativeTarget section */

/* Begin PBXProject section */
		A2DDAA161D9EA9AD008D0461 /* Project object */ = {
			isa = PBXProject;
			attributes = {
				LastSwiftUpdateCheck = 0800;
				LastUpgradeCheck = 0800;
				ORGANIZATIONNAME = NA;
				TargetAttributes = {
					A2DDAA1D1D9EA9AD008D0461 = {
						CreatedOnToolsVersion = 8.0;
						DevelopmentTeam = ENELU3KL22;
						ProvisioningStyle = Automatic;
					};
				};
			};
			buildConfigurationList = A2DDAA191D9EA9AD008D0461 /* Build configuration list for PBXProject "TwitterProfileViewController" */;
			compatibilityVersion = "Xcode 3.2";
			developmentRegion = English;
			hasScannedForEncodings = 0;
			knownRegions = (
				en,
				Base,
			);
			mainGroup = A2DDAA151D9EA9AD008D0461;
			productRefGroup = A2DDAA1F1D9EA9AE008D0461 /* Products */;
			projectDirPath = "";
			projectRoot = "";
			targets = (
				A2DDAA1D1D9EA9AD008D0461 /* TwitterProfileViewController */,
			);
		};
/* End PBXProject section */

/* Begin PBXResourcesBuildPhase section */
		A2DDAA1C1D9EA9AD008D0461 /* Resources */ = {
			isa = PBXResourcesBuildPhase;
			buildActionMask = 2147483647;
			files = (
				A2DDAA2C1D9EA9AE008D0461 /* LaunchScreen.storyboard in Resources */,
				A2DDAA291D9EA9AE008D0461 /* Assets.xcassets in Resources */,
				A2DDAA271D9EA9AE008D0461 /* Main.storyboard in Resources */,
			);
			runOnlyForDeploymentPostprocessing = 0;
		};
/* End PBXResourcesBuildPhase section */

/* Begin PBXSourcesBuildPhase section */
		A2DDAA1A1D9EA9AD008D0461 /* Sources */ = {
			isa = PBXSourcesBuildPhase;
			buildActionMask = 2147483647;
			files = (
				A2DDAA241D9EA9AE008D0461 /* ViewController.swift in Sources */,
				A2DDAA221D9EA9AE008D0461 /* AppDelegate.swift in Sources */,
			);
			runOnlyForDeploymentPostprocessing = 0;
		};
/* End PBXSourcesBuildPhase section */

/* Begin PBXVariantGroup section */
		A2DDAA251D9EA9AE008D0461 /* Main.storyboard */ = {
			isa = PBXVariantGroup;
			children = (
				A2DDAA261D9EA9AE008D0461 /* Base */,
			);
			name = Main.storyboard;
			sourceTree = "<group>";
		};
		A2DDAA2A1D9EA9AE008D0461 /* LaunchScreen.storyboard */ = {
			isa = PBXVariantGroup;
			children = (
				A2DDAA2B1D9EA9AE008D0461 /* Base */,
			);
			name = LaunchScreen.storyboard;
			sourceTree = "<group>";
		};
/* End PBXVariantGroup section */

/* Begin XCBuildConfiguration section */
		A2DDAA2E1D9EA9AE008D0461 /* Debug */ = {
			isa = XCBuildConfiguration;
			buildSettings = {
				ALWAYS_SEARCH_USER_PATHS = NO;
				CLANG_ANALYZER_NONNULL = YES;
				CLANG_CXX_LANGUAGE_STANDARD = "gnu++0x";
				CLANG_CXX_LIBRARY = "libc++";
				CLANG_ENABLE_MODULES = YES;
				CLANG_ENABLE_OBJC_ARC = YES;
				CLANG_WARN_BOOL_CONVERSION = YES;
				CLANG_WARN_CONSTANT_CONVERSION = YES;
				CLANG_WARN_DIRECT_OBJC_ISA_USAGE = YES_ERROR;
				CLANG_WARN_DOCUMENTATION_COMMENTS = YES;
				CLANG_WARN_EMPTY_BODY = YES;
				CLANG_WARN_ENUM_CONVERSION = YES;
				CLANG_WARN_INFINITE_RECURSION = YES;
				CLANG_WARN_INT_CONVERSION = YES;
				CLANG_WARN_OBJC_ROOT_CLASS = YES_ERROR;
				CLANG_WARN_SUSPICIOUS_MOVES = YES;
				CLANG_WARN_UNREACHABLE_CODE = YES;
				CLANG_WARN__DUPLICATE_METHOD_MATCH = YES;
				"CODE_SIGN_IDENTITY[sdk=iphoneos*]" = "iPhone Developer";
				COPY_PHASE_STRIP = NO;
				DEBUG_INFORMATION_FORMAT = dwarf;
				ENABLE_STRICT_OBJC_MSGSEND = YES;
				ENABLE_TESTABILITY = YES;
				GCC_C_LANGUAGE_STANDARD = gnu99;
				GCC_DYNAMIC_NO_PIC = NO;
				GCC_NO_COMMON_BLOCKS = YES;
				GCC_OPTIMIZATION_LEVEL = 0;
				GCC_PREPROCESSOR_DEFINITIONS = (
					"DEBUG=1",
					"$(inherited)",
				);
				GCC_WARN_64_TO_32_BIT_CONVERSION = YES;
				GCC_WARN_ABOUT_RETURN_TYPE = YES_ERROR;
				GCC_WARN_UNDECLARED_SELECTOR = YES;
				GCC_WARN_UNINITIALIZED_AUTOS = YES_AGGRESSIVE;
				GCC_WARN_UNUSED_FUNCTION = YES;
				GCC_WARN_UNUSED_VARIABLE = YES;
				IPHONEOS_DEPLOYMENT_TARGET = 10.0;
				MTL_ENABLE_DEBUG_INFO = YES;
				ONLY_ACTIVE_ARCH = YES;
				SDKROOT = iphoneos;
				SWIFT_ACTIVE_COMPILATION_CONDITIONS = DEBUG;
				SWIFT_OPTIMIZATION_LEVEL = "-Onone";
			};
			name = Debug;
		};
		A2DDAA2F1D9EA9AE008D0461 /* Release */ = {
			isa = XCBuildConfiguration;
			buildSettings = {
				ALWAYS_SEARCH_USER_PATHS = NO;
				CLANG_ANALYZER_NONNULL = YES;
				CLANG_CXX_LANGUAGE_STANDARD = "gnu++0x";
				CLANG_CXX_LIBRARY = "libc++";
				CLANG_ENABLE_MODULES = YES;
				CLANG_ENABLE_OBJC_ARC = YES;
				CLANG_WARN_BOOL_CONVERSION = YES;
				CLANG_WARN_CONSTANT_CONVERSION = YES;
				CLANG_WARN_DIRECT_OBJC_ISA_USAGE = YES_ERROR;
				CLANG_WARN_DOCUMENTATION_COMMENTS = YES;
				CLANG_WARN_EMPTY_BODY = YES;
				CLANG_WARN_ENUM_CONVERSION = YES;
				CLANG_WARN_INFINITE_RECURSION = YES;
				CLANG_WARN_INT_CONVERSION = YES;
				CLANG_WARN_OBJC_ROOT_CLASS = YES_ERROR;
				CLANG_WARN_SUSPICIOUS_MOVES = YES;
				CLANG_WARN_UNREACHABLE_CODE = YES;
				CLANG_WARN__DUPLICATE_METHOD_MATCH = YES;
				"CODE_SIGN_IDENTITY[sdk=iphoneos*]" = "iPhone Developer";
				COPY_PHASE_STRIP = NO;
				DEBUG_INFORMATION_FORMAT = "dwarf-with-dsym";
				ENABLE_NS_ASSERTIONS = NO;
				ENABLE_STRICT_OBJC_MSGSEND = YES;
				GCC_C_LANGUAGE_STANDARD = gnu99;
				GCC_NO_COMMON_BLOCKS = YES;
				GCC_WARN_64_TO_32_BIT_CONVERSION = YES;
				GCC_WARN_ABOUT_RETURN_TYPE = YES_ERROR;
				GCC_WARN_UNDECLARED_SELECTOR = YES;
				GCC_WARN_UNINITIALIZED_AUTOS = YES_AGGRESSIVE;
				GCC_WARN_UNUSED_FUNCTION = YES;
				GCC_WARN_UNUSED_VARIABLE = YES;
				IPHONEOS_DEPLOYMENT_TARGET = 10.0;
				MTL_ENABLE_DEBUG_INFO = NO;
				SDKROOT = iphoneos;
				SWIFT_OPTIMIZATION_LEVEL = "-Owholemodule";
				VALIDATE_PRODUCT = YES;
			};
			name = Release;
		};
		A2DDAA311D9EA9AE008D0461 /* Debug */ = {
			isa = XCBuildConfiguration;
			buildSettings = {
				ASSETCATALOG_COMPILER_APPICON_NAME = AppIcon;
				DEVELOPMENT_TEAM = ENELU3KL22;
				INFOPLIST_FILE = TwitterProfileViewController/Info.plist;
				LD_RUNPATH_SEARCH_PATHS = "$(inherited) @executable_path/Frameworks";
				PRODUCT_BUNDLE_IDENTIFIER = me.roytang.TwitterProfileViewController;
				PRODUCT_NAME = "$(TARGET_NAME)";
				SWIFT_VERSION = 3.0;
			};
			name = Debug;
		};
		A2DDAA321D9EA9AE008D0461 /* Release */ = {
			isa = XCBuildConfiguration;
			buildSettings = {
				ASSETCATALOG_COMPILER_APPICON_NAME = AppIcon;
				DEVELOPMENT_TEAM = ENELU3KL22;
				INFOPLIST_FILE = TwitterProfileViewController/Info.plist;
				LD_RUNPATH_SEARCH_PATHS = "$(inherited) @executable_path/Frameworks";
				PRODUCT_BUNDLE_IDENTIFIER = me.roytang.TwitterProfileViewController;
				PRODUCT_NAME = "$(TARGET_NAME)";
				SWIFT_VERSION = 3.0;
			};
			name = Release;
		};
/* End XCBuildConfiguration section */

/* Begin XCConfigurationList section */
		A2DDAA191D9EA9AD008D0461 /* Build configuration list for PBXProject "TwitterProfileViewController" */ = {
			isa = XCConfigurationList;
			buildConfigurations = (
				A2DDAA2E1D9EA9AE008D0461 /* Debug */,
				A2DDAA2F1D9EA9AE008D0461 /* Release */,
			);
			defaultConfigurationIsVisible = 0;
			defaultConfigurationName = Release;
		};
		A2DDAA301D9EA9AE008D0461 /* Build configuration list for PBXNativeTarget "TwitterProfileViewController" */ = {
			isa = XCConfigurationList;
			buildConfigurations = (
				A2DDAA311D9EA9AE008D0461 /* Debug */,
				A2DDAA321D9EA9AE008D0461 /* Release */,
			);
			defaultConfigurationIsVisible = 0;
		};
/* End XCConfigurationList section */
	};
	rootObject = A2DDAA161D9EA9AD008D0461 /* Project object */;
}
